
Microsoft Visual Studio Solution File, Format Version 12.00
# Visual Studio Version 16
VisualStudioVersion = 16.0.30114.105
MinimumVisualStudioVersion = 10.0.40219.1
Project("{FAE04EC0-301F-11D3-BF4B-00C04F79EFBC}") = "CustomerManagement.Api", "CustomerManagement.Api\CustomerManagement.Api.csproj", "{5676E695-F6A5-4CE8-8D3D-BF15D5082BB7}"
EndProject
Project("{FAE04EC0-301F-11D3-BF4B-00C04F79EFBC}") = "CustomerManagement.Infrastructure", "CustomerManagement.Infrastructure\CustomerManagement.Infrastructure.csproj", "{8A8344DB-78E4-4EC7-982B-2472306F2895}"
EndProject
Project("{2150E333-8FDC-42A3-9474-1A3956D46DE8}") = "CustomerManagement.Core", "CustomerManagement.Core", "{6567ACAA-63F5-4209-B2B1-7B13B407ACA7}"
EndProject
Project("{FAE04EC0-301F-11D3-BF4B-00C04F79EFBC}") = "CustomerManagement.Core.Domain", "CustomerManagement.Core\Domain\CustomerManagement.Core.Domain.csproj", "{0777FC75-4436-424F-81A4-3152A435176F}"
EndProject
Project("{FAE04EC0-301F-11D3-BF4B-00C04F79EFBC}") = "CustomerManagement.Core.Application", "CustomerManagement.Core\Application\CustomerManagement.Core.Application.csproj", "{18131BC1-63B4-4CA0-B422-268D12D2718B}"
EndProject
Project("{FAE04EC0-301F-11D3-BF4B-00C04F79EFBC}") = "CustomerManagement.Utility", "CustomerManagement.Utility\CustomerManagement.Utility.csproj", "{F955B631-9D06-4551-A3D8-30A897A71A13}"
EndProject
Global
	GlobalSection(SolutionConfigurationPlatforms) = preSolution
		Debug|Any CPU = Debug|Any CPU
		Release|Any CPU = Release|Any CPU
	EndGlobalSection
	GlobalSection(SolutionProperties) = preSolution
		HideSolutionNode = FALSE
	EndGlobalSection
	GlobalSection(ProjectConfigurationPlatforms) = postSolution
		{5676E695-F6A5-4CE8-8D3D-BF15D5082BB7}.Debug|Any CPU.ActiveCfg = Debug|Any CPU
		{5676E695-F6A5-4CE8-8D3D-BF15D5082BB7}.Debug|Any CPU.Build.0 = Debug|Any CPU
		{5676E695-F6A5-4CE8-8D3D-BF15D5082BB7}.Release|Any CPU.ActiveCfg = Release|Any CPU
		{5676E695-F6A5-4CE8-8D3D-BF15D5082BB7}.Release|Any CPU.Build.0 = Release|Any CPU
		{8A8344DB-78E4-4EC7-982B-2472306F2895}.Debug|Any CPU.ActiveCfg = Debug|Any CPU
		{8A8344DB-78E4-4EC7-982B-2472306F2895}.Debug|Any CPU.Build.0 = Debug|Any CPU
		{8A8344DB-78E4-4EC7-982B-2472306F2895}.Release|Any CPU.ActiveCfg = Release|Any CPU
		{8A8344DB-78E4-4EC7-982B-2472306F2895}.Release|Any CPU.Build.0 = Release|Any CPU
		{0777FC75-4436-424F-81A4-3152A435176F}.Debug|Any CPU.ActiveCfg = Debug|Any CPU
		{0777FC75-4436-424F-81A4-3152A435176F}.Debug|Any CPU.Build.0 = Debug|Any CPU
		{0777FC75-4436-424F-81A4-3152A435176F}.Release|Any CPU.ActiveCfg = Release|Any CPU
		{0777FC75-4436-424F-81A4-3152A435176F}.Release|Any CPU.Build.0 = Release|Any CPU
		{18131BC1-63B4-4CA0-B422-268D12D2718B}.Debug|Any CPU.ActiveCfg = Debug|Any CPU
		{18131BC1-63B4-4CA0-B422-268D12D2718B}.Debug|Any CPU.Build.0 = Debug|Any CPU
		{18131BC1-63B4-4CA0-B422-268D12D2718B}.Release|Any CPU.ActiveCfg = Release|Any CPU
		{18131BC1-63B4-4CA0-B422-268D12D2718B}.Release|Any CPU.Build.0 = Release|Any CPU
		{F955B631-9D06-4551-A3D8-30A897A71A13}.Debug|Any CPU.ActiveCfg = Debug|Any CPU
		{F955B631-9D06-4551-A3D8-30A897A71A13}.Debug|Any CPU.Build.0 = Debug|Any CPU
		{F955B631-9D06-4551-A3D8-30A897A71A13}.Release|Any CPU.ActiveCfg = Release|Any CPU
		{F955B631-9D06-4551-A3D8-30A897A71A13}.Release|Any CPU.Build.0 = Release|Any CPU
	EndGlobalSection
	GlobalSection(NestedProjects) = preSolution
		{0777FC75-4436-424F-81A4-3152A435176F} = {6567ACAA-63F5-4209-B2B1-7B13B407ACA7}
		{18131BC1-63B4-4CA0-B422-268D12D2718B} = {6567ACAA-63F5-4209-B2B1-7B13B407ACA7}
	EndGlobalSection
EndGlobal
